// !$*UTF8*$!
{
	archiveVersion = 1;
	classes = {
	};
	objectVersion = 46;
	objects = {

/* Begin PBXBuildFile section */
		55ECA5F0195B4C8D00E951D9 /* CoreFoundation.framework in Frameworks */ = {isa = PBXBuildFile; fileRef = 55ECA5EF195B4C8D00E951D9 /* CoreFoundation.framework */; };
		55ECA5F6195B4C8D00E951D9 /* InfoPlist.strings in Resources */ = {isa = PBXBuildFile; fileRef = 55ECA5F4195B4C8D00E951D9 /* InfoPlist.strings */; };
		55ECA604195B4CB800E951D9 /* CMakeLists.txt in Resources */ = {isa = PBXBuildFile; fileRef = 55ECA5FB195B4CB800E951D9 /* CMakeLists.txt */; };
		55ECA605195B4CB800E951D9 /* config.cpp in Sources */ = {isa = PBXBuildFile; fileRef = 55ECA5FC195B4CB800E951D9 /* config.cpp */; };
		55ECA606195B4CB800E951D9 /* device.cpp in Sources */ = {isa = PBXBuildFile; fileRef = 55ECA5FE195B4CB800E951D9 /* device.cpp */; };
		55ECA607195B4CB800E951D9 /* main.cpp in Sources */ = {isa = PBXBuildFile; fileRef = 55ECA600195B4CB800E951D9 /* main.cpp */; };
		55ECA608195B4CB800E951D9 /* xinput.cpp in Sources */ = {isa = PBXBuildFile; fileRef = 55ECA602195B4CB800E951D9 /* xinput.cpp */; };
		55ECA60A195B4DCF00E951D9 /* SDL2.framework in Frameworks */ = {isa = PBXBuildFile; fileRef = 55ECA609195B4DCF00E951D9 /* SDL2.framework */; };
/* End PBXBuildFile section */

/* Begin PBXFileReference section */
		0867D69BFE84028FC02AAC07 /* Foundation.framework */ = {isa = PBXFileReference; lastKnownFileType = wrapper.framework; name = Foundation.framework; path = System/Library/Frameworks/Foundation.framework; sourceTree = SDKROOT; };
		0867D6A5FE840307C02AAC07 /* AppKit.framework */ = {isa = PBXFileReference; lastKnownFileType = wrapper.framework; name = AppKit.framework; path = System/Library/Frameworks/AppKit.framework; sourceTree = SDKROOT; };
		525A278F133D6AE900FD8D70 /* Cocoa.framework */ = {isa = PBXFileReference; lastKnownFileType = wrapper.framework; name = Cocoa.framework; path = System/Library/Frameworks/Cocoa.framework; sourceTree = SDKROOT; };
		55C14F31136EFC2400649790 /* SystemConfiguration.framework */ = {isa = PBXFileReference; lastKnownFileType = wrapper.framework; name = SystemConfiguration.framework; path = System/Library/Frameworks/SystemConfiguration.framework; sourceTree = SDKROOT; };
		55ECA5EE195B4C8D00E951D9 /* koku-xinput-wine.bundle */ = {isa = PBXFileReference; explicitFileType = wrapper.cfbundle; includeInIndex = 0; path = "koku-xinput-wine.bundle"; sourceTree = BUILT_PRODUCTS_DIR; };
		55ECA5EF195B4C8D00E951D9 /* CoreFoundation.framework */ = {isa = PBXFileReference; lastKnownFileType = wrapper.framework; name = CoreFoundation.framework; path = System/Library/Frameworks/CoreFoundation.framework; sourceTree = SDKROOT; };
		55ECA5F3195B4C8D00E951D9 /* koku-xinput-wine-Info.plist */ = {isa = PBXFileReference; lastKnownFileType = text.plist.xml; path = "koku-xinput-wine-Info.plist"; sourceTree = "<group>"; };
		55ECA5F5195B4C8D00E951D9 /* en */ = {isa = PBXFileReference; lastKnownFileType = text.plist.strings; name = en; path = en.lproj/InfoPlist.strings; sourceTree = "<group>"; };
		55ECA5F7195B4C8D00E951D9 /* koku-xinput-wine-Prefix.pch */ = {isa = PBXFileReference; lastKnownFileType = sourcecode.c.h; path = "koku-xinput-wine-Prefix.pch"; sourceTree = "<group>"; };
		55ECA5FB195B4CB800E951D9 /* CMakeLists.txt */ = {isa = PBXFileReference; fileEncoding = 4; lastKnownFileType = text; path = CMakeLists.txt; sourceTree = SOURCE_ROOT; };
		55ECA5FC195B4CB800E951D9 /* config.cpp */ = {isa = PBXFileReference; fileEncoding = 4; lastKnownFileType = sourcecode.cpp.cpp; path = config.cpp; sourceTree = SOURCE_ROOT; };
		55ECA5FD195B4CB800E951D9 /* config.h */ = {isa = PBXFileReference; fileEncoding = 4; lastKnownFileType = sourcecode.c.h; path = config.h; sourceTree = SOURCE_ROOT; };
		55ECA5FE195B4CB800E951D9 /* device.cpp */ = {isa = PBXFileReference; fileEncoding = 4; lastKnownFileType = sourcecode.cpp.cpp; path = device.cpp; sourceTree = SOURCE_ROOT; };
		55ECA5FF195B4CB800E951D9 /* device.h */ = {isa = PBXFileReference; fileEncoding = 4; lastKnownFileType = sourcecode.c.h; path = device.h; sourceTree = SOURCE_ROOT; };
		55ECA600195B4CB800E951D9 /* main.cpp */ = {isa = PBXFileReference; fileEncoding = 4; lastKnownFileType = sourcecode.cpp.cpp; path = main.cpp; sourceTree = SOURCE_ROOT; };
		55ECA601195B4CB800E951D9 /* main.h */ = {isa = PBXFileReference; fileEncoding = 4; lastKnownFileType = sourcecode.c.h; path = main.h; sourceTree = SOURCE_ROOT; };
		55ECA602195B4CB800E951D9 /* xinput.cpp */ = {isa = PBXFileReference; fileEncoding = 4; lastKnownFileType = sourcecode.cpp.cpp; path = xinput.cpp; sourceTree = SOURCE_ROOT; };
		55ECA603195B4CB800E951D9 /* xinput.h */ = {isa = PBXFileReference; fileEncoding = 4; lastKnownFileType = sourcecode.c.h; path = xinput.h; sourceTree = SOURCE_ROOT; };
		55ECA609195B4DCF00E951D9 /* SDL2.framework */ = {isa = PBXFileReference; lastKnownFileType = wrapper.framework; name = SDL2.framework; path = ../../../../Library/Frameworks/SDL2.framework; sourceTree = "<group>"; };
		5D06E8F10FD68D21005AE3F6 /* ConfigBinaryDelta.xcconfig */ = {isa = PBXFileReference; fileEncoding = 4; lastKnownFileType = text.xcconfig; path = ConfigBinaryDelta.xcconfig; sourceTree = "<group>"; };
		5D06E8F20FD68D21005AE3F6 /* ConfigBinaryDeltaDebug.xcconfig */ = {isa = PBXFileReference; fileEncoding = 4; lastKnownFileType = text.xcconfig; path = ConfigBinaryDeltaDebug.xcconfig; sourceTree = "<group>"; };
		5D06E8F30FD68D21005AE3F6 /* ConfigBinaryDeltaRelease.xcconfig */ = {isa = PBXFileReference; fileEncoding = 4; lastKnownFileType = text.xcconfig; path = ConfigBinaryDeltaRelease.xcconfig; sourceTree = "<group>"; };
		5D06E8FB0FD68D61005AE3F6 /* libbz2.dylib */ = {isa = PBXFileReference; lastKnownFileType = "compiled.mach-o.dylib"; name = libbz2.dylib; path = usr/lib/libbz2.dylib; sourceTree = SDKROOT; };
		5D1AF5890FD7678C0065DB48 /* libxar.1.dylib */ = {isa = PBXFileReference; lastKnownFileType = "compiled.mach-o.dylib"; name = libxar.1.dylib; path = usr/lib/libxar.1.dylib; sourceTree = SDKROOT; };
		5D1AF58F0FD767AD0065DB48 /* libxml2.dylib */ = {isa = PBXFileReference; lastKnownFileType = "compiled.mach-o.dylib"; name = libxml2.dylib; path = usr/lib/libxml2.dylib; sourceTree = SDKROOT; };
		5D1AF5990FD767E50065DB48 /* libz.dylib */ = {isa = PBXFileReference; lastKnownFileType = "compiled.mach-o.dylib"; name = libz.dylib; path = usr/lib/libz.dylib; sourceTree = SDKROOT; };
		6117796E0D1112E000749C97 /* IOKit.framework */ = {isa = PBXFileReference; lastKnownFileType = wrapper.framework; name = IOKit.framework; path = System/Library/Frameworks/IOKit.framework; sourceTree = SDKROOT; };
		61B5F8F609C4CEB300B25A18 /* Security.framework */ = {isa = PBXFileReference; lastKnownFileType = wrapper.framework; name = Security.framework; path = System/Library/Frameworks/Security.framework; sourceTree = SDKROOT; };
		61B5FC3F09C4FD4000B25A18 /* WebKit.framework */ = {isa = PBXFileReference; lastKnownFileType = wrapper.framework; name = WebKit.framework; path = System/Library/Frameworks/WebKit.framework; sourceTree = SDKROOT; };
		FA1941CA0D94A70100DD942E /* ConfigFrameworkDebug.xcconfig */ = {isa = PBXFileReference; fileEncoding = 4; lastKnownFileType = text.xcconfig; path = ConfigFrameworkDebug.xcconfig; sourceTree = "<group>"; };
		FA1941CB0D94A70100DD942E /* ConfigTestAppDebug.xcconfig */ = {isa = PBXFileReference; fileEncoding = 4; lastKnownFileType = text.xcconfig; path = ConfigTestAppDebug.xcconfig; sourceTree = "<group>"; };
		FA1941CC0D94A70100DD942E /* ConfigCommonRelease.xcconfig */ = {isa = PBXFileReference; fileEncoding = 4; lastKnownFileType = text.xcconfig; path = ConfigCommonRelease.xcconfig; sourceTree = "<group>"; };
		FA1941CD0D94A70100DD942E /* ConfigTestApp.xcconfig */ = {isa = PBXFileReference; fileEncoding = 4; lastKnownFileType = text.xcconfig; path = ConfigTestApp.xcconfig; sourceTree = "<group>"; };
		FA1941CE0D94A70100DD942E /* ConfigRelaunch.xcconfig */ = {isa = PBXFileReference; fileEncoding = 4; lastKnownFileType = text.xcconfig; path = ConfigRelaunch.xcconfig; sourceTree = "<group>"; };
		FA1941CF0D94A70100DD942E /* ConfigCommonDebug.xcconfig */ = {isa = PBXFileReference; fileEncoding = 4; lastKnownFileType = text.xcconfig; path = ConfigCommonDebug.xcconfig; sourceTree = "<group>"; };
		FA1941D00D94A70100DD942E /* ConfigCommon.xcconfig */ = {isa = PBXFileReference; fileEncoding = 4; lastKnownFileType = text.xcconfig; path = ConfigCommon.xcconfig; sourceTree = "<group>"; };
		FA1941D10D94A70100DD942E /* ConfigFramework.xcconfig */ = {isa = PBXFileReference; fileEncoding = 4; lastKnownFileType = text.xcconfig; path = ConfigFramework.xcconfig; sourceTree = "<group>"; };
		FA1941D20D94A70100DD942E /* ConfigTestAppRelease.xcconfig */ = {isa = PBXFileReference; fileEncoding = 4; lastKnownFileType = text.xcconfig; path = ConfigTestAppRelease.xcconfig; sourceTree = "<group>"; };
		FA1941D30D94A70100DD942E /* ConfigRelaunchDebug.xcconfig */ = {isa = PBXFileReference; fileEncoding = 4; lastKnownFileType = text.xcconfig; path = ConfigRelaunchDebug.xcconfig; sourceTree = "<group>"; };
		FA1941D40D94A70100DD942E /* ConfigRelaunchRelease.xcconfig */ = {isa = PBXFileReference; fileEncoding = 4; lastKnownFileType = text.xcconfig; path = ConfigRelaunchRelease.xcconfig; sourceTree = "<group>"; };
		FA1941D50D94A70100DD942E /* ConfigFrameworkRelease.xcconfig */ = {isa = PBXFileReference; fileEncoding = 4; lastKnownFileType = text.xcconfig; path = ConfigFrameworkRelease.xcconfig; sourceTree = "<group>"; };
		FA3AAF391050B273004B3130 /* ConfigUnitTestRelease.xcconfig */ = {isa = PBXFileReference; fileEncoding = 4; lastKnownFileType = text.xcconfig; path = ConfigUnitTestRelease.xcconfig; sourceTree = "<group>"; };
		FA3AAF3A1050B273004B3130 /* ConfigUnitTestDebug.xcconfig */ = {isa = PBXFileReference; fileEncoding = 4; lastKnownFileType = text.xcconfig; path = ConfigUnitTestDebug.xcconfig; sourceTree = "<group>"; };
		FA3AAF3B1050B273004B3130 /* ConfigUnitTest.xcconfig */ = {isa = PBXFileReference; fileEncoding = 4; lastKnownFileType = text.xcconfig; path = ConfigUnitTest.xcconfig; sourceTree = "<group>"; };
/* End PBXFileReference section */

/* Begin PBXFrameworksBuildPhase section */
		55ECA5EB195B4C8D00E951D9 /* Frameworks */ = {
			isa = PBXFrameworksBuildPhase;
			buildActionMask = 2147483647;
			files = (
				55ECA60A195B4DCF00E951D9 /* SDL2.framework in Frameworks */,
				55ECA5F0195B4C8D00E951D9 /* CoreFoundation.framework in Frameworks */,
			);
			runOnlyForDeploymentPostprocessing = 0;
		};
/* End PBXFrameworksBuildPhase section */

/* Begin PBXGroup section */
		034768DFFF38A50411DB9C8B /* Products */ = {
			isa = PBXGroup;
			children = (
				55ECA5EE195B4C8D00E951D9 /* koku-xinput-wine.bundle */,
			);
			name = Products;
			sourceTree = "<group>";
		};
		0867D691FE84028FC02AAC07 /* Sparkle */ = {
			isa = PBXGroup;
			children = (
				55ECA5F1195B4C8D00E951D9 /* koku-xinput-wine */,
				0867D69AFE84028FC02AAC07 /* Frameworks */,
				FA1941C40D94A6EA00DD942E /* Configurations */,
				034768DFFF38A50411DB9C8B /* Products */,
			);
			name = Sparkle;
			sourceTree = "<group>";
		};
		0867D69AFE84028FC02AAC07 /* Frameworks */ = {
			isa = PBXGroup;
			children = (
				55ECA609195B4DCF00E951D9 /* SDL2.framework */,
				0867D6A5FE840307C02AAC07 /* AppKit.framework */,
				525A278F133D6AE900FD8D70 /* Cocoa.framework */,
				0867D69BFE84028FC02AAC07 /* Foundation.framework */,
				6117796E0D1112E000749C97 /* IOKit.framework */,
				5D06E8FB0FD68D61005AE3F6 /* libbz2.dylib */,
				5D1AF5890FD7678C0065DB48 /* libxar.1.dylib */,
				5D1AF58F0FD767AD0065DB48 /* libxml2.dylib */,
				5D1AF5990FD767E50065DB48 /* libz.dylib */,
				61B5F8F609C4CEB300B25A18 /* Security.framework */,
				55C14F31136EFC2400649790 /* SystemConfiguration.framework */,
				61B5FC3F09C4FD4000B25A18 /* WebKit.framework */,
				55ECA5EF195B4C8D00E951D9 /* CoreFoundation.framework */,
			);
			name = Frameworks;
			sourceTree = "<group>";
		};
		55ECA5F1195B4C8D00E951D9 /* koku-xinput-wine */ = {
			isa = PBXGroup;
			children = (
				55ECA5FB195B4CB800E951D9 /* CMakeLists.txt */,
				55ECA5FC195B4CB800E951D9 /* config.cpp */,
				55ECA5FD195B4CB800E951D9 /* config.h */,
				55ECA5FE195B4CB800E951D9 /* device.cpp */,
				55ECA5FF195B4CB800E951D9 /* device.h */,
				55ECA600195B4CB800E951D9 /* main.cpp */,
				55ECA601195B4CB800E951D9 /* main.h */,
				55ECA602195B4CB800E951D9 /* xinput.cpp */,
				55ECA603195B4CB800E951D9 /* xinput.h */,
				55ECA5F2195B4C8D00E951D9 /* Supporting Files */,
			);
			path = "koku-xinput-wine";
			sourceTree = "<group>";
		};
		55ECA5F2195B4C8D00E951D9 /* Supporting Files */ = {
			isa = PBXGroup;
			children = (
				55ECA5F3195B4C8D00E951D9 /* koku-xinput-wine-Info.plist */,
				55ECA5F4195B4C8D00E951D9 /* InfoPlist.strings */,
				55ECA5F7195B4C8D00E951D9 /* koku-xinput-wine-Prefix.pch */,
			);
			name = "Supporting Files";
			sourceTree = "<group>";
		};
		FA1941C40D94A6EA00DD942E /* Configurations */ = {
			isa = PBXGroup;
			children = (
				5D06E8F10FD68D21005AE3F6 /* ConfigBinaryDelta.xcconfig */,
				5D06E8F20FD68D21005AE3F6 /* ConfigBinaryDeltaDebug.xcconfig */,
				5D06E8F30FD68D21005AE3F6 /* ConfigBinaryDeltaRelease.xcconfig */,
				FA1941D00D94A70100DD942E /* ConfigCommon.xcconfig */,
				FA1941CF0D94A70100DD942E /* ConfigCommonDebug.xcconfig */,
				FA1941CC0D94A70100DD942E /* ConfigCommonRelease.xcconfig */,
				FA1941D10D94A70100DD942E /* ConfigFramework.xcconfig */,
				FA1941CA0D94A70100DD942E /* ConfigFrameworkDebug.xcconfig */,
				FA1941D50D94A70100DD942E /* ConfigFrameworkRelease.xcconfig */,
				FA1941CE0D94A70100DD942E /* ConfigRelaunch.xcconfig */,
				FA1941D30D94A70100DD942E /* ConfigRelaunchDebug.xcconfig */,
				FA1941D40D94A70100DD942E /* ConfigRelaunchRelease.xcconfig */,
				FA1941CD0D94A70100DD942E /* ConfigTestApp.xcconfig */,
				FA1941CB0D94A70100DD942E /* ConfigTestAppDebug.xcconfig */,
				FA1941D20D94A70100DD942E /* ConfigTestAppRelease.xcconfig */,
				FA3AAF3B1050B273004B3130 /* ConfigUnitTest.xcconfig */,
				FA3AAF3A1050B273004B3130 /* ConfigUnitTestDebug.xcconfig */,
				FA3AAF391050B273004B3130 /* ConfigUnitTestRelease.xcconfig */,
			);
			path = Configurations;
			sourceTree = "<group>";
		};
/* End PBXGroup section */

/* Begin PBXNativeTarget section */
		55ECA5ED195B4C8D00E951D9 /* koku-xinput-wine */ = {
			isa = PBXNativeTarget;
			buildConfigurationList = 55ECA5F8195B4C8D00E951D9 /* Build configuration list for PBXNativeTarget "koku-xinput-wine" */;
			buildPhases = (
				55ECA5EA195B4C8D00E951D9 /* Sources */,
				55ECA5EB195B4C8D00E951D9 /* Frameworks */,
				55ECA5EC195B4C8D00E951D9 /* Resources */,
			);
			buildRules = (
			);
			dependencies = (
			);
			name = "koku-xinput-wine";
			productName = "koku-xinput-wine";
			productReference = 55ECA5EE195B4C8D00E951D9 /* koku-xinput-wine.bundle */;
			productType = "com.apple.product-type.bundle";
		};
/* End PBXNativeTarget section */

/* Begin PBXProject section */
		0867D690FE84028FC02AAC07 /* Project object */ = {
			isa = PBXProject;
			attributes = {
				LastUpgradeCheck = 0510;
			};
			buildConfigurationList = 1DEB91B108733DA50010E9CD /* Build configuration list for PBXProject "koku-xinput-wine" */;
			compatibilityVersion = "Xcode 3.2";
			developmentRegion = English;
			hasScannedForEncodings = 1;
			knownRegions = (
				English,
				Japanese,
				French,
				German,
				Italian,
				zh_TW,
				en,
				ca,
				cs,
				cy,
				da,
				de,
				es,
				fi,
				fr,
				he,
				hu,
				id,
				is,
				it,
				ja,
				ko,
				nl,
				no,
				pl,
				ru,
				sk,
				sv,
				th,
				tr,
				zh_CN,
				fr_ca,
				pt_BR,
				pt_PT,
				pt,
				ro,
				sl,
				uk,
				ar,
				nb,
			);
			mainGroup = 0867D691FE84028FC02AAC07 /* Sparkle */;
			productRefGroup = 034768DFFF38A50411DB9C8B /* Products */;
			projectDirPath = "";
			projectRoot = "";
			targets = (
				55ECA5ED195B4C8D00E951D9 /* koku-xinput-wine */,
			);
		};
/* End PBXProject section */

/* Begin PBXResourcesBuildPhase section */
		55ECA5EC195B4C8D00E951D9 /* Resources */ = {
			isa = PBXResourcesBuildPhase;
			buildActionMask = 2147483647;
			files = (
				55ECA604195B4CB800E951D9 /* CMakeLists.txt in Resources */,
				55ECA5F6195B4C8D00E951D9 /* InfoPlist.strings in Resources */,
			);
			runOnlyForDeploymentPostprocessing = 0;
		};
/* End PBXResourcesBuildPhase section */

/* Begin PBXSourcesBuildPhase section */
		55ECA5EA195B4C8D00E951D9 /* Sources */ = {
			isa = PBXSourcesBuildPhase;
			buildActionMask = 2147483647;
			files = (
				55ECA605195B4CB800E951D9 /* config.cpp in Sources */,
				55ECA606195B4CB800E951D9 /* device.cpp in Sources */,
				55ECA607195B4CB800E951D9 /* main.cpp in Sources */,
				55ECA608195B4CB800E951D9 /* xinput.cpp in Sources */,
			);
			runOnlyForDeploymentPostprocessing = 0;
		};
/* End PBXSourcesBuildPhase section */

/* Begin PBXVariantGroup section */
		55ECA5F4195B4C8D00E951D9 /* InfoPlist.strings */ = {
			isa = PBXVariantGroup;
			children = (
				55ECA5F5195B4C8D00E951D9 /* en */,
			);
			name = InfoPlist.strings;
			sourceTree = "<group>";
		};
/* End PBXVariantGroup section */

/* Begin XCBuildConfiguration section */
		1DEB91B208733DA50010E9CD /* Debug */ = {
			isa = XCBuildConfiguration;
			buildSettings = {
				CLANG_CXX_LANGUAGE_STANDARD = "gnu++0x";
				CLANG_CXX_LIBRARY = "libc++";
				CLANG_WARN_BOOL_CONVERSION = YES;
				CLANG_WARN_CONSTANT_CONVERSION = YES;
				CLANG_WARN_DIRECT_OBJC_ISA_USAGE = YES_ERROR;
				CLANG_WARN_EMPTY_BODY = YES;
				CLANG_WARN_ENUM_CONVERSION = YES;
				CLANG_WARN_INT_CONVERSION = YES;
				CLANG_WARN_OBJC_ROOT_CLASS = YES_ERROR;
				CLANG_WARN__DUPLICATE_METHOD_MATCH = YES;
				DEBUG_INFORMATION_FORMAT = dwarf;
				GCC_C_LANGUAGE_STANDARD = gnu99;
				GCC_PREPROCESSOR_DEFINITIONS = (
					"DEBUG=1",
					"$(inherited)",
				);
				GCC_WARN_64_TO_32_BIT_CONVERSION = YES;
				GCC_WARN_ABOUT_RETURN_TYPE = YES_ERROR;
				GCC_WARN_UNDECLARED_SELECTOR = YES;
				GCC_WARN_UNINITIALIZED_AUTOS = YES_AGGRESSIVE;
				GCC_WARN_UNUSED_FUNCTION = YES;
				GCC_WARN_UNUSED_VARIABLE = YES;
				MACOSX_DEPLOYMENT_TARGET = 10.7;
				ONLY_ACTIVE_ARCH = YES;
				SDKROOT = macosx;
			};
			name = Debug;
		};
		1DEB91B308733DA50010E9CD /* Release */ = {
			isa = XCBuildConfiguration;
			buildSettings = {
				CLANG_CXX_LANGUAGE_STANDARD = "gnu++0x";
				CLANG_CXX_LIBRARY = "libc++";
				CLANG_WARN_BOOL_CONVERSION = YES;
				CLANG_WARN_CONSTANT_CONVERSION = YES;
				CLANG_WARN_DIRECT_OBJC_ISA_USAGE = YES_ERROR;
				CLANG_WARN_EMPTY_BODY = YES;
				CLANG_WARN_ENUM_CONVERSION = YES;
				CLANG_WARN_INT_CONVERSION = YES;
				CLANG_WARN_OBJC_ROOT_CLASS = YES_ERROR;
				CLANG_WARN__DUPLICATE_METHOD_MATCH = YES;
				DEBUG_INFORMATION_FORMAT = "dwarf-with-dsym";
				GCC_C_LANGUAGE_STANDARD = gnu99;
				GCC_WARN_64_TO_32_BIT_CONVERSION = YES;
				GCC_WARN_ABOUT_RETURN_TYPE = YES_ERROR;
				GCC_WARN_UNDECLARED_SELECTOR = YES;
				GCC_WARN_UNINITIALIZED_AUTOS = YES_AGGRESSIVE;
				GCC_WARN_UNUSED_FUNCTION = YES;
				GCC_WARN_UNUSED_VARIABLE = YES;
				MACOSX_DEPLOYMENT_TARGET = 10.7;
				SDKROOT = macosx;
			};
			name = Release;
		};
		55ECA5F9195B4C8D00E951D9 /* Debug */ = {
			isa = XCBuildConfiguration;
			buildSettings = {
				ALWAYS_SEARCH_USER_PATHS = NO;
				ARCHS = "$(ARCHS_STANDARD_32_BIT)";
				CLANG_CXX_LANGUAGE_STANDARD = "c++0x";
				CLANG_ENABLE_MODULES = YES;
				CLANG_ENABLE_OBJC_ARC = YES;
				COMBINE_HIDPI_IMAGES = YES;
				COPY_PHASE_STRIP = NO;
				FRAMEWORK_SEARCH_PATHS = (
					"$(inherited)",
					"$(LOCAL_LIBRARY_DIR)/Frameworks",
				);
				GCC_DYNAMIC_NO_PIC = NO;
				GCC_ENABLE_OBJC_EXCEPTIONS = YES;
				GCC_OPTIMIZATION_LEVEL = 0;
				GCC_PRECOMPILE_PREFIX_HEADER = YES;
				GCC_PREFIX_HEADER = "koku-xinput-wine/koku-xinput-wine-Prefix.pch";
				GCC_PREPROCESSOR_DEFINITIONS = (
					"USE_SDL2=1",
					"$(inherited)",
				);
				GCC_SYMBOLS_PRIVATE_EXTERN = NO;
				INFOPLIST_FILE = "koku-xinput-wine/koku-xinput-wine-Info.plist";
				INSTALL_PATH = "$(LOCAL_LIBRARY_DIR)/Bundles";
				PRODUCT_NAME = "$(TARGET_NAME)";
				WRAPPER_EXTENSION = bundle;
			};
			name = Debug;
		};
		55ECA5FA195B4C8D00E951D9 /* Release */ = {
			isa = XCBuildConfiguration;
			buildSettings = {
				ALWAYS_SEARCH_USER_PATHS = NO;
				ARCHS = "$(ARCHS_STANDARD_32_BIT)";
				CLANG_CXX_LANGUAGE_STANDARD = "c++0x";
				CLANG_ENABLE_MODULES = YES;
				CLANG_ENABLE_OBJC_ARC = YES;
				COMBINE_HIDPI_IMAGES = YES;
				COPY_PHASE_STRIP = YES;
				DEBUG_INFORMATION_FORMAT = "dwarf-with-dsym";
				ENABLE_NS_ASSERTIONS = NO;
				FRAMEWORK_SEARCH_PATHS = (
					"$(inherited)",
					"$(LOCAL_LIBRARY_DIR)/Frameworks",
				);
				GCC_ENABLE_OBJC_EXCEPTIONS = YES;
				GCC_PRECOMPILE_PREFIX_HEADER = YES;
				GCC_PREFIX_HEADER = "koku-xinput-wine/koku-xinput-wine-Prefix.pch";
				GCC_PREPROCESSOR_DEFINITIONS = (
					"USE_SDL2=1",
					"$(inherited)",
				);
				INFOPLIST_FILE = "koku-xinput-wine/koku-xinput-wine-Info.plist";
				INSTALL_PATH = "$(LOCAL_LIBRARY_DIR)/Bundles";
				PRODUCT_NAME = "$(TARGET_NAME)";
				WRAPPER_EXTENSION = bundle;
			};
			name = Release;
		};
/* End XCBuildConfiguration section */

/* Begin XCConfigurationList section */
		1DEB91B108733DA50010E9CD /* Build configuration list for PBXProject "koku-xinput-wine" */ = {
			isa = XCConfigurationList;
			buildConfigurations = (
				1DEB91B208733DA50010E9CD /* Debug */,
				1DEB91B308733DA50010E9CD /* Release */,
			);
			defaultConfigurationIsVisible = 0;
			defaultConfigurationName = Release;
		};
		55ECA5F8195B4C8D00E951D9 /* Build configuration list for PBXNativeTarget "koku-xinput-wine" */ = {
			isa = XCConfigurationList;
			buildConfigurations = (
				55ECA5F9195B4C8D00E951D9 /* Debug */,
				55ECA5FA195B4C8D00E951D9 /* Release */,
			);
			defaultConfigurationIsVisible = 0;
		};
/* End XCConfigurationList section */
	};
	rootObject = 0867D690FE84028FC02AAC07 /* Project object */;
}
